
Microsoft Visual Studio Solution File, Format Version 12.00
# Visual Studio Express 2013 for Windows Desktop
VisualStudioVersion = 12.0.30501.0
MinimumVisualStudioVersion = 10.0.40219.1
Project("{FAE04EC0-301F-11D3-BF4B-00C04F79EFBC}") = "Problem-1-Square Root", "Problem-1-Square Root\Problem-1-Square Root.csproj", "{8BF2D8AF-0507-477A-9EA4-A19962451E7B}"
EndProject
Project("{FAE04EC0-301F-11D3-BF4B-00C04F79EFBC}") = "Problem-2-Enter Numbers", "Problem-2-Enter Numbers\Problem-2-Enter Numbers.csproj", "{FE2E04F8-0E68-44DC-996B-0C6F52464937}"
EndProject
Global
	GlobalSection(SolutionConfigurationPlatforms) = preSolution
		Debug|Any CPU = Debug|Any CPU
		Release|Any CPU = Release|Any CPU
	EndGlobalSection
	GlobalSection(ProjectConfigurationPlatforms) = postSolution
		{8BF2D8AF-0507-477A-9EA4-A19962451E7B}.Debug|Any CPU.ActiveCfg = Debug|Any CPU
		{8BF2D8AF-0507-477A-9EA4-A19962451E7B}.Debug|Any CPU.Build.0 = Debug|Any CPU
		{8BF2D8AF-0507-477A-9EA4-A19962451E7B}.Release|Any CPU.ActiveCfg = Release|Any CPU
		{8BF2D8AF-0507-477A-9EA4-A19962451E7B}.Release|Any CPU.Build.0 = Release|Any CPU
		{FE2E04F8-0E68-44DC-996B-0C6F52464937}.Debug|Any CPU.ActiveCfg = Debug|Any CPU
		{FE2E04F8-0E68-44DC-996B-0C6F52464937}.Debug|Any CPU.Build.0 = Debug|Any CPU
		{FE2E04F8-0E68-44DC-996B-0C6F52464937}.Release|Any CPU.ActiveCfg = Release|Any CPU
		{FE2E04F8-0E68-44DC-996B-0C6F52464937}.Release|Any CPU.Build.0 = Release|Any CPU
	EndGlobalSection
	GlobalSection(SolutionProperties) = preSolution
		HideSolutionNode = FALSE
	EndGlobalSection
EndGlobal
